{
    "_readme": [
        "This file locks the dependencies of your project to a known state",
        "Read more about it at https://getcomposer.org/doc/01-basic-usage.md#composer-lock-the-lock-file",
        "This file is @generated automatically"
    ],
    "hash": "117a09da8450d7dd28a4bba00e71570a",
    "content-hash": "1f550155646f040e1d7d4b7b291bca14",
    "packages": [],
    "packages-dev": [
        {
            "name": "smalldb/doc-tools",
            "version": "dev-master",
            "source": {
                "type": "git",
                "url": "git@git.frozen-doe.net:smalldb/doc-tools.git",
                "reference": "56976ef74d04d8d564d2e37965483c452ab4fb09"
            },
            "type": "library",
            "license": [
                "Apache-2.0"
            ],
            "authors": [
                {
                    "name": "Josef Kufner",
                    "email": "josef@kufner.cz"
                }
            ],
            "description": "Smalldb documentation tools",
            "time": "2016-06-08 11:46:34"
        }
    ],
    "aliases": [],
    "minimum-stability": "stable",
    "stability-flags": {
        "smalldb/doc-tools": 20
    },
    "prefer-stable": false,
    "prefer-lowest": false,
    "platform": {
        "php": ">=5.4"
    },
    "platform-dev": []
}
